
Microsoft Visual Studio Solution File, Format Version 12.00
# Visual Studio Version 17
VisualStudioVersion = 17.8.34330.188
MinimumVisualStudioVersion = 10.0.40219.1
Project("{FAE04EC0-301F-11D3-BF4B-00C04F79EFBC}") = "Lab_03", "Lab_03\Lab_03.csproj", "{2C62C804-CEA0-46DC-97C6-64A42F98863C}"
EndProject
Global
	GlobalSection(SolutionConfigurationPlatforms) = preSolution
		Debug|Any CPU = Debug|Any CPU
		Release|Any CPU = Release|Any CPU
	EndGlobalSection
	GlobalSection(ProjectConfigurationPlatforms) = postSolution
		{2C62C804-CEA0-46DC-97C6-64A42F98863C}.Debug|Any CPU.ActiveCfg = Debug|Any CPU
		{2C62C804-CEA0-46DC-97C6-64A42F98863C}.Debug|Any CPU.Build.0 = Debug|Any CPU
		{2C62C804-CEA0-46DC-97C6-64A42F98863C}.Release|Any CPU.ActiveCfg = Release|Any CPU
		{2C62C804-CEA0-46DC-97C6-64A42F98863C}.Release|Any CPU.Build.0 = Release|Any CPU
	EndGlobalSection
	GlobalSection(SolutionProperties) = preSolution
		HideSolutionNode = FALSE
	EndGlobalSection
	GlobalSection(ExtensibilityGlobals) = postSolution
		SolutionGuid = {C2627CF9-ECFE-4478-BC84-3DFD03D79632}
	EndGlobalSection
EndGlobal
